Microsoft Visual Studio Solution File, Format Version 12.00
# Visual Studio Version 17
VisualStudioVersion = 17.2.32427.441
MinimumVisualStudioVersion = 15.0.26124.0
Project("{D954291E-2A0B-460D-934E-DC6B0785DB48}") = "MMKiwi.KMZipper.Uno.Shared", "MMKiwi.KMZipper.Uno.Shared\MMKiwi.KMZipper.Uno.Shared.shproj", "{6279C845-92F8-4333-AB99-3D213163593C}"
EndProject
Project("{9A19103F-16F7-4668-BE54-9A1E7A4F7556}") = "MMKiwi.KMZipper.Uno.Mobile", "MMKiwi.KMZipper.Uno.Mobile\MMKiwi.KMZipper.Uno.Mobile.csproj", "{CD45C28E-F4C9-47E5-A1F1-BDE729A66D26}"
EndProject
Project("{9A19103F-16F7-4668-BE54-9A1E7A4F7556}") = "MMKiwi.KMZipper.Uno.Wasm", "MMKiwi.KMZipper.Uno.Wasm\MMKiwi.KMZipper.Uno.Wasm.csproj", "{40EA03F7-8A22-4143-B251-79BAC3EB13D2}"
EndProject
Project("{9A19103F-16F7-4668-BE54-9A1E7A4F7556}") = "MMKiwi.KMZipper.Uno.Skia.Gtk", "MMKiwi.KMZipper.Uno.Skia.Gtk\MMKiwi.KMZipper.Uno.Skia.Gtk.csproj", "{A5B8155A-118F-4794-B551-C6F3CF7E5411}"
EndProject
Project("{9A19103F-16F7-4668-BE54-9A1E7A4F7556}") = "MMKiwi.KMZipper.Uno.Skia.WPF", "MMKiwi.KMZipper.Uno.Skia.WPF\MMKiwi.KMZipper.Uno.Skia.WPF.csproj", "{CF753CA3-5CA3-4E32-8FBC-0981E96DD2DF}"
EndProject
Project("{9A19103F-16F7-4668-BE54-9A1E7A4F7556}") = "MMKiwi.KMZipper.Uno.Skia.Wpf.Host", "MMKiwi.KMZipper.Uno.Skia.WPF.Host\MMKiwi.KMZipper.Uno.Skia.Wpf.Host.csproj", "{6CF284A4-22B1-4F05-97F4-F095C07A598E}"
EndProject
Project("{9A19103F-16F7-4668-BE54-9A1E7A4F7556}") = "MMKiwi.KMZipper.Uno.Windows", "MMKiwi.KMZipper.Uno.Windows\MMKiwi.KMZipper.Uno.Windows.csproj", "{1AA13270-F438-4864-9435-54FD806E10EA}"
EndProject
Project("{9A19103F-16F7-4668-BE54-9A1E7A4F7556}") = "MMKiwi.KMZipper.Core", "..\MMKiwi.KMZipper.Core\MMKiwi.KMZipper.Core.csproj", "{9025AE2C-1466-4B20-B183-DA89A90188BA}"
EndProject
Global
	GlobalSection(SolutionConfigurationPlatforms) = preSolution
		Debug|Any CPU = Debug|Any CPU
		Debug|ARM = Debug|ARM
		Debug|ARM64 = Debug|ARM64
		Debug|iPhone = Debug|iPhone
		Debug|iPhoneSimulator = Debug|iPhoneSimulator
		Debug|x64 = Debug|x64
		Debug|x86 = Debug|x86
		Release|Any CPU = Release|Any CPU
		Release|ARM = Release|ARM
		Release|ARM64 = Release|ARM64
		Release|iPhone = Release|iPhone
		Release|iPhoneSimulator = Release|iPhoneSimulator
		Release|x64 = Release|x64
		Release|x86 = Release|x86
	EndGlobalSection
	GlobalSection(ProjectConfigurationPlatforms) = postSolution
		{CD45C28E-F4C9-47E5-A1F1-BDE729A66D26}.Debug|Any CPU.ActiveCfg = Debug|Any CPU
		{CD45C28E-F4C9-47E5-A1F1-BDE729A66D26}.Debug|Any CPU.Build.0 = Debug|Any CPU
		{CD45C28E-F4C9-47E5-A1F1-BDE729A66D26}.Debug|Any CPU.Deploy.0 = Debug|Any CPU
		{CD45C28E-F4C9-47E5-A1F1-BDE729A66D26}.Debug|ARM.ActiveCfg = Debug|Any CPU
		{CD45C28E-F4C9-47E5-A1F1-BDE729A66D26}.Debug|ARM.Build.0 = Debug|Any CPU
		{CD45C28E-F4C9-47E5-A1F1-BDE729A66D26}.Debug|ARM.Deploy.0 = Debug|Any CPU
		{CD45C28E-F4C9-47E5-A1F1-BDE729A66D26}.Debug|ARM64.ActiveCfg = Debug|Any CPU
		{CD45C28E-F4C9-47E5-A1F1-BDE729A66D26}.Debug|ARM64.Build.0 = Debug|Any CPU
		{CD45C28E-F4C9-47E5-A1F1-BDE729A66D26}.Debug|ARM64.Deploy.0 = Debug|Any CPU
		{CD45C28E-F4C9-47E5-A1F1-BDE729A66D26}.Debug|iPhone.ActiveCfg = Debug|Any CPU
		{CD45C28E-F4C9-47E5-A1F1-BDE729A66D26}.Debug|iPhone.Build.0 = Debug|Any CPU
		{CD45C28E-F4C9-47E5-A1F1-BDE729A66D26}.Debug|iPhone.Deploy.0 = Debug|Any CPU
		{CD45C28E-F4C9-47E5-A1F1-BDE729A66D26}.Debug|iPhoneSimulator.ActiveCfg = Debug|Any CPU
		{CD45C28E-F4C9-47E5-A1F1-BDE729A66D26}.Debug|iPhoneSimulator.Build.0 = Debug|Any CPU
		{CD45C28E-F4C9-47E5-A1F1-BDE729A66D26}.Debug|iPhoneSimulator.Deploy.0 = Debug|Any CPU
		{CD45C28E-F4C9-47E5-A1F1-BDE729A66D26}.Debug|x64.ActiveCfg = Debug|Any CPU
		{CD45C28E-F4C9-47E5-A1F1-BDE729A66D26}.Debug|x64.Build.0 = Debug|Any CPU
		{CD45C28E-F4C9-47E5-A1F1-BDE729A66D26}.Debug|x64.Deploy.0 = Debug|Any CPU
		{CD45C28E-F4C9-47E5-A1F1-BDE729A66D26}.Debug|x86.ActiveCfg = Debug|Any CPU
		{CD45C28E-F4C9-47E5-A1F1-BDE729A66D26}.Debug|x86.Build.0 = Debug|Any CPU
		{CD45C28E-F4C9-47E5-A1F1-BDE729A66D26}.Debug|x86.Deploy.0 = Debug|Any CPU
		{CD45C28E-F4C9-47E5-A1F1-BDE729A66D26}.Release|Any CPU.ActiveCfg = Release|Any CPU
		{CD45C28E-F4C9-47E5-A1F1-BDE729A66D26}.Release|Any CPU.Build.0 = Release|Any CPU
		{CD45C28E-F4C9-47E5-A1F1-BDE729A66D26}.Release|Any CPU.Deploy.0 = Release|Any CPU
		{CD45C28E-F4C9-47E5-A1F1-BDE729A66D26}.Release|ARM.ActiveCfg = Release|Any CPU
		{CD45C28E-F4C9-47E5-A1F1-BDE729A66D26}.Release|ARM.Build.0 = Release|Any CPU
		{CD45C28E-F4C9-47E5-A1F1-BDE729A66D26}.Release|ARM.Deploy.0 = Release|Any CPU
		{CD45C28E-F4C9-47E5-A1F1-BDE729A66D26}.Release|ARM64.ActiveCfg = Release|Any CPU
		{CD45C28E-F4C9-47E5-A1F1-BDE729A66D26}.Release|ARM64.Build.0 = Release|Any CPU
		{CD45C28E-F4C9-47E5-A1F1-BDE729A66D26}.Release|ARM64.Deploy.0 = Release|Any CPU
		{CD45C28E-F4C9-47E5-A1F1-BDE729A66D26}.Release|iPhone.ActiveCfg = Release|Any CPU
		{CD45C28E-F4C9-47E5-A1F1-BDE729A66D26}.Release|iPhone.Build.0 = Release|Any CPU
		{CD45C28E-F4C9-47E5-A1F1-BDE729A66D26}.Release|iPhone.Deploy.0 = Release|Any CPU
		{CD45C28E-F4C9-47E5-A1F1-BDE729A66D26}.Release|iPhoneSimulator.ActiveCfg = Release|Any CPU
		{CD45C28E-F4C9-47E5-A1F1-BDE729A66D26}.Release|iPhoneSimulator.Build.0 = Release|Any CPU
		{CD45C28E-F4C9-47E5-A1F1-BDE729A66D26}.Release|iPhoneSimulator.Deploy.0 = Release|Any CPU
		{CD45C28E-F4C9-47E5-A1F1-BDE729A66D26}.Release|x64.ActiveCfg = Release|Any CPU
		{CD45C28E-F4C9-47E5-A1F1-BDE729A66D26}.Release|x64.Build.0 = Release|Any CPU
		{CD45C28E-F4C9-47E5-A1F1-BDE729A66D26}.Release|x64.Deploy.0 = Release|Any CPU
		{CD45C28E-F4C9-47E5-A1F1-BDE729A66D26}.Release|x86.ActiveCfg = Release|Any CPU
		{CD45C28E-F4C9-47E5-A1F1-BDE729A66D26}.Release|x86.Build.0 = Release|Any CPU
		{CD45C28E-F4C9-47E5-A1F1-BDE729A66D26}.Release|x86.Deploy.0 = Release|Any CPU
		{40EA03F7-8A22-4143-B251-79BAC3EB13D2}.Debug|Any CPU.ActiveCfg = Debug|Any CPU
		{40EA03F7-8A22-4143-B251-79BAC3EB13D2}.Debug|Any CPU.Build.0 = Debug|Any CPU
		{40EA03F7-8A22-4143-B251-79BAC3EB13D2}.Debug|ARM.ActiveCfg = Debug|Any CPU
		{40EA03F7-8A22-4143-B251-79BAC3EB13D2}.Debug|ARM.Build.0 = Debug|Any CPU
		{40EA03F7-8A22-4143-B251-79BAC3EB13D2}.Debug|ARM64.ActiveCfg = Debug|Any CPU
		{40EA03F7-8A22-4143-B251-79BAC3EB13D2}.Debug|ARM64.Build.0 = Debug|Any CPU
		{40EA03F7-8A22-4143-B251-79BAC3EB13D2}.Debug|iPhone.ActiveCfg = Debug|Any CPU
		{40EA03F7-8A22-4143-B251-79BAC3EB13D2}.Debug|iPhone.Build.0 = Debug|Any CPU
		{40EA03F7-8A22-4143-B251-79BAC3EB13D2}.Debug|iPhoneSimulator.ActiveCfg = Debug|Any CPU
		{40EA03F7-8A22-4143-B251-79BAC3EB13D2}.Debug|iPhoneSimulator.Build.0 = Debug|Any CPU
		{40EA03F7-8A22-4143-B251-79BAC3EB13D2}.Debug|x64.ActiveCfg = Debug|Any CPU
		{40EA03F7-8A22-4143-B251-79BAC3EB13D2}.Debug|x64.Build.0 = Debug|Any CPU
		{40EA03F7-8A22-4143-B251-79BAC3EB13D2}.Debug|x86.ActiveCfg = Debug|Any CPU
		{40EA03F7-8A22-4143-B251-79BAC3EB13D2}.Debug|x86.Build.0 = Debug|Any CPU
		{40EA03F7-8A22-4143-B251-79BAC3EB13D2}.Release|Any CPU.ActiveCfg = Release|Any CPU
		{40EA03F7-8A22-4143-B251-79BAC3EB13D2}.Release|Any CPU.Build.0 = Release|Any CPU
		{40EA03F7-8A22-4143-B251-79BAC3EB13D2}.Release|ARM.ActiveCfg = Release|Any CPU
		{40EA03F7-8A22-4143-B251-79BAC3EB13D2}.Release|ARM.Build.0 = Release|Any CPU
		{40EA03F7-8A22-4143-B251-79BAC3EB13D2}.Release|ARM64.ActiveCfg = Release|Any CPU
		{40EA03F7-8A22-4143-B251-79BAC3EB13D2}.Release|ARM64.Build.0 = Release|Any CPU
		{40EA03F7-8A22-4143-B251-79BAC3EB13D2}.Release|iPhone.ActiveCfg = Release|Any CPU
		{40EA03F7-8A22-4143-B251-79BAC3EB13D2}.Release|iPhone.Build.0 = Release|Any CPU
		{40EA03F7-8A22-4143-B251-79BAC3EB13D2}.Release|iPhoneSimulator.ActiveCfg = Release|Any CPU
		{40EA03F7-8A22-4143-B251-79BAC3EB13D2}.Release|iPhoneSimulator.Build.0 = Release|Any CPU
		{40EA03F7-8A22-4143-B251-79BAC3EB13D2}.Release|x64.ActiveCfg = Release|Any CPU
		{40EA03F7-8A22-4143-B251-79BAC3EB13D2}.Release|x64.Build.0 = Release|Any CPU
		{40EA03F7-8A22-4143-B251-79BAC3EB13D2}.Release|x86.ActiveCfg = Release|Any CPU
		{40EA03F7-8A22-4143-B251-79BAC3EB13D2}.Release|x86.Build.0 = Release|Any CPU
		{A5B8155A-118F-4794-B551-C6F3CF7E5411}.Debug|Any CPU.ActiveCfg = Debug|Any CPU
		{A5B8155A-118F-4794-B551-C6F3CF7E5411}.Debug|Any CPU.Build.0 = Debug|Any CPU
		{A5B8155A-118F-4794-B551-C6F3CF7E5411}.Debug|ARM.ActiveCfg = Debug|Any CPU
		{A5B8155A-118F-4794-B551-C6F3CF7E5411}.Debug|ARM.Build.0 = Debug|Any CPU
		{A5B8155A-118F-4794-B551-C6F3CF7E5411}.Debug|ARM64.ActiveCfg = Debug|Any CPU
		{A5B8155A-118F-4794-B551-C6F3CF7E5411}.Debug|ARM64.Build.0 = Debug|Any CPU
		{A5B8155A-118F-4794-B551-C6F3CF7E5411}.Debug|iPhone.ActiveCfg = Debug|Any CPU
		{A5B8155A-118F-4794-B551-C6F3CF7E5411}.Debug|iPhone.Build.0 = Debug|Any CPU
		{A5B8155A-118F-4794-B551-C6F3CF7E5411}.Debug|iPhoneSimulator.ActiveCfg = Debug|Any CPU
		{A5B8155A-118F-4794-B551-C6F3CF7E5411}.Debug|iPhoneSimulator.Build.0 = Debug|Any CPU
		{A5B8155A-118F-4794-B551-C6F3CF7E5411}.Debug|x64.ActiveCfg = Debug|Any CPU
		{A5B8155A-118F-4794-B551-C6F3CF7E5411}.Debug|x64.Build.0 = Debug|Any CPU
		{A5B8155A-118F-4794-B551-C6F3CF7E5411}.Debug|x86.ActiveCfg = Debug|Any CPU
		{A5B8155A-118F-4794-B551-C6F3CF7E5411}.Debug|x86.Build.0 = Debug|Any CPU
		{A5B8155A-118F-4794-B551-C6F3CF7E5411}.Release|Any CPU.ActiveCfg = Release|Any CPU
		{A5B8155A-118F-4794-B551-C6F3CF7E5411}.Release|Any CPU.Build.0 = Release|Any CPU
		{A5B8155A-118F-4794-B551-C6F3CF7E5411}.Release|ARM.ActiveCfg = Release|Any CPU
		{A5B8155A-118F-4794-B551-C6F3CF7E5411}.Release|ARM.Build.0 = Release|Any CPU
		{A5B8155A-118F-4794-B551-C6F3CF7E5411}.Release|ARM64.ActiveCfg = Release|Any CPU
		{A5B8155A-118F-4794-B551-C6F3CF7E5411}.Release|ARM64.Build.0 = Release|Any CPU
		{A5B8155A-118F-4794-B551-C6F3CF7E5411}.Release|iPhone.ActiveCfg = Release|Any CPU
		{A5B8155A-118F-4794-B551-C6F3CF7E5411}.Release|iPhone.Build.0 = Release|Any CPU
		{A5B8155A-118F-4794-B551-C6F3CF7E5411}.Release|iPhoneSimulator.ActiveCfg = Release|Any CPU
		{A5B8155A-118F-4794-B551-C6F3CF7E5411}.Release|iPhoneSimulator.Build.0 = Release|Any CPU
		{A5B8155A-118F-4794-B551-C6F3CF7E5411}.Release|x64.ActiveCfg = Release|Any CPU
		{A5B8155A-118F-4794-B551-C6F3CF7E5411}.Release|x64.Build.0 = Release|Any CPU
		{A5B8155A-118F-4794-B551-C6F3CF7E5411}.Release|x86.ActiveCfg = Release|Any CPU
		{A5B8155A-118F-4794-B551-C6F3CF7E5411}.Release|x86.Build.0 = Release|Any CPU
		{CF753CA3-5CA3-4E32-8FBC-0981E96DD2DF}.Debug|Any CPU.ActiveCfg = Debug|Any CPU
		{CF753CA3-5CA3-4E32-8FBC-0981E96DD2DF}.Debug|Any CPU.Build.0 = Debug|Any CPU
		{CF753CA3-5CA3-4E32-8FBC-0981E96DD2DF}.Debug|Any CPU.Deploy.0 = Debug|Any CPU
		{CF753CA3-5CA3-4E32-8FBC-0981E96DD2DF}.Debug|ARM.ActiveCfg = Debug|Any CPU
		{CF753CA3-5CA3-4E32-8FBC-0981E96DD2DF}.Debug|ARM.Build.0 = Debug|Any CPU
		{CF753CA3-5CA3-4E32-8FBC-0981E96DD2DF}.Debug|ARM.Deploy.0 = Debug|Any CPU
		{CF753CA3-5CA3-4E32-8FBC-0981E96DD2DF}.Debug|ARM64.ActiveCfg = Debug|Any CPU
		{CF753CA3-5CA3-4E32-8FBC-0981E96DD2DF}.Debug|ARM64.Build.0 = Debug|Any CPU
		{CF753CA3-5CA3-4E32-8FBC-0981E96DD2DF}.Debug|ARM64.Deploy.0 = Debug|Any CPU
		{CF753CA3-5CA3-4E32-8FBC-0981E96DD2DF}.Debug|iPhone.ActiveCfg = Debug|Any CPU
		{CF753CA3-5CA3-4E32-8FBC-0981E96DD2DF}.Debug|iPhone.Build.0 = Debug|Any CPU
		{CF753CA3-5CA3-4E32-8FBC-0981E96DD2DF}.Debug|iPhone.Deploy.0 = Debug|Any CPU
		{CF753CA3-5CA3-4E32-8FBC-0981E96DD2DF}.Debug|iPhoneSimulator.ActiveCfg = Debug|Any CPU
		{CF753CA3-5CA3-4E32-8FBC-0981E96DD2DF}.Debug|iPhoneSimulator.Build.0 = Debug|Any CPU
		{CF753CA3-5CA3-4E32-8FBC-0981E96DD2DF}.Debug|iPhoneSimulator.Deploy.0 = Debug|Any CPU
		{CF753CA3-5CA3-4E32-8FBC-0981E96DD2DF}.Debug|x64.ActiveCfg = Debug|Any CPU
		{CF753CA3-5CA3-4E32-8FBC-0981E96DD2DF}.Debug|x64.Build.0 = Debug|Any CPU
		{CF753CA3-5CA3-4E32-8FBC-0981E96DD2DF}.Debug|x64.Deploy.0 = Debug|Any CPU
		{CF753CA3-5CA3-4E32-8FBC-0981E96DD2DF}.Debug|x86.ActiveCfg = Debug|Any CPU
		{CF753CA3-5CA3-4E32-8FBC-0981E96DD2DF}.Debug|x86.Build.0 = Debug|Any CPU
		{CF753CA3-5CA3-4E32-8FBC-0981E96DD2DF}.Debug|x86.Deploy.0 = Debug|Any CPU
		{CF753CA3-5CA3-4E32-8FBC-0981E96DD2DF}.Release|Any CPU.ActiveCfg = Release|Any CPU
		{CF753CA3-5CA3-4E32-8FBC-0981E96DD2DF}.Release|Any CPU.Build.0 = Release|Any CPU
		{CF753CA3-5CA3-4E32-8FBC-0981E96DD2DF}.Release|ARM.ActiveCfg = Release|Any CPU
		{CF753CA3-5CA3-4E32-8FBC-0981E96DD2DF}.Release|ARM.Build.0 = Release|Any CPU
		{CF753CA3-5CA3-4E32-8FBC-0981E96DD2DF}.Release|ARM.Deploy.0 = Release|Any CPU
		{CF753CA3-5CA3-4E32-8FBC-0981E96DD2DF}.Release|ARM64.ActiveCfg = Release|Any CPU
		{CF753CA3-5CA3-4E32-8FBC-0981E96DD2DF}.Release|ARM64.Build.0 = Release|Any CPU
		{CF753CA3-5CA3-4E32-8FBC-0981E96DD2DF}.Release|ARM64.Deploy.0 = Release|Any CPU
		{CF753CA3-5CA3-4E32-8FBC-0981E96DD2DF}.Release|iPhone.ActiveCfg = Release|Any CPU
		{CF753CA3-5CA3-4E32-8FBC-0981E96DD2DF}.Release|iPhone.Build.0 = Release|Any CPU
		{CF753CA3-5CA3-4E32-8FBC-0981E96DD2DF}.Release|iPhoneSimulator.ActiveCfg = Release|Any CPU
		{CF753CA3-5CA3-4E32-8FBC-0981E96DD2DF}.Release|iPhoneSimulator.Build.0 = Release|Any CPU
		{CF753CA3-5CA3-4E32-8FBC-0981E96DD2DF}.Release|iPhoneSimulator.Deploy.0 = Release|Any CPU
		{CF753CA3-5CA3-4E32-8FBC-0981E96DD2DF}.Release|x64.ActiveCfg = Release|Any CPU
		{CF753CA3-5CA3-4E32-8FBC-0981E96DD2DF}.Release|x64.Build.0 = Release|Any CPU
		{CF753CA3-5CA3-4E32-8FBC-0981E96DD2DF}.Release|x64.Deploy.0 = Release|Any CPU
		{CF753CA3-5CA3-4E32-8FBC-0981E96DD2DF}.Release|x86.ActiveCfg = Release|Any CPU
		{CF753CA3-5CA3-4E32-8FBC-0981E96DD2DF}.Release|x86.Build.0 = Release|Any CPU
		{CF753CA3-5CA3-4E32-8FBC-0981E96DD2DF}.Release|x86.Deploy.0 = Release|Any CPU
		{6CF284A4-22B1-4F05-97F4-F095C07A598E}.Debug|Any CPU.ActiveCfg = Debug|Any CPU
		{6CF284A4-22B1-4F05-97F4-F095C07A598E}.Debug|Any CPU.Build.0 = Debug|Any CPU
		{6CF284A4-22B1-4F05-97F4-F095C07A598E}.Debug|ARM.ActiveCfg = Debug|Any CPU
		{6CF284A4-22B1-4F05-97F4-F095C07A598E}.Debug|ARM.Build.0 = Debug|Any CPU
		{6CF284A4-22B1-4F05-97F4-F095C07A598E}.Debug|ARM64.ActiveCfg = Debug|Any CPU
		{6CF284A4-22B1-4F05-97F4-F095C07A598E}.Debug|ARM64.Build.0 = Debug|Any CPU
		{6CF284A4-22B1-4F05-97F4-F095C07A598E}.Debug|iPhone.ActiveCfg = Debug|Any CPU
		{6CF284A4-22B1-4F05-97F4-F095C07A598E}.Debug|iPhone.Build.0 = Debug|Any CPU
		{6CF284A4-22B1-4F05-97F4-F095C07A598E}.Debug|iPhoneSimulator.ActiveCfg = Debug|Any CPU
		{6CF284A4-22B1-4F05-97F4-F095C07A598E}.Debug|iPhoneSimulator.Build.0 = Debug|Any CPU
		{6CF284A4-22B1-4F05-97F4-F095C07A598E}.Debug|x64.ActiveCfg = Debug|Any CPU
		{6CF284A4-22B1-4F05-97F4-F095C07A598E}.Debug|x64.Build.0 = Debug|Any CPU
		{6CF284A4-22B1-4F05-97F4-F095C07A598E}.Debug|x86.ActiveCfg = Debug|Any CPU
		{6CF284A4-22B1-4F05-97F4-F095C07A598E}.Debug|x86.Build.0 = Debug|Any CPU
		{6CF284A4-22B1-4F05-97F4-F095C07A598E}.Release|Any CPU.ActiveCfg = Release|Any CPU
		{6CF284A4-22B1-4F05-97F4-F095C07A598E}.Release|Any CPU.Build.0 = Release|Any CPU
		{6CF284A4-22B1-4F05-97F4-F095C07A598E}.Release|ARM.ActiveCfg = Release|Any CPU
		{6CF284A4-22B1-4F05-97F4-F095C07A598E}.Release|ARM.Build.0 = Release|Any CPU
		{6CF284A4-22B1-4F05-97F4-F095C07A598E}.Release|ARM64.ActiveCfg = Release|Any CPU
		{6CF284A4-22B1-4F05-97F4-F095C07A598E}.Release|ARM64.Build.0 = Release|Any CPU
		{6CF284A4-22B1-4F05-97F4-F095C07A598E}.Release|iPhone.ActiveCfg = Release|Any CPU
		{6CF284A4-22B1-4F05-97F4-F095C07A598E}.Release|iPhone.Build.0 = Release|Any CPU
		{6CF284A4-22B1-4F05-97F4-F095C07A598E}.Release|iPhoneSimulator.ActiveCfg = Release|Any CPU
		{6CF284A4-22B1-4F05-97F4-F095C07A598E}.Release|iPhoneSimulator.Build.0 = Release|Any CPU
		{6CF284A4-22B1-4F05-97F4-F095C07A598E}.Release|x64.ActiveCfg = Release|Any CPU
		{6CF284A4-22B1-4F05-97F4-F095C07A598E}.Release|x64.Build.0 = Release|Any CPU
		{6CF284A4-22B1-4F05-97F4-F095C07A598E}.Release|x86.ActiveCfg = Release|Any CPU
		{6CF284A4-22B1-4F05-97F4-F095C07A598E}.Release|x86.Build.0 = Release|Any CPU
		{1AA13270-F438-4864-9435-54FD806E10EA}.Debug|Any CPU.ActiveCfg = Debug|x86
		{1AA13270-F438-4864-9435-54FD806E10EA}.Debug|Any CPU.Build.0 = Debug|x86
		{1AA13270-F438-4864-9435-54FD806E10EA}.Debug|ARM.ActiveCfg = Debug|x86
		{1AA13270-F438-4864-9435-54FD806E10EA}.Debug|ARM.Build.0 = Debug|x86
		{1AA13270-F438-4864-9435-54FD806E10EA}.Debug|ARM64.ActiveCfg = Debug|arm64
		{1AA13270-F438-4864-9435-54FD806E10EA}.Debug|ARM64.Build.0 = Debug|arm64
		{1AA13270-F438-4864-9435-54FD806E10EA}.Debug|iPhone.ActiveCfg = Debug|Any CPU
		{1AA13270-F438-4864-9435-54FD806E10EA}.Debug|iPhone.Build.0 = Debug|Any CPU
		{1AA13270-F438-4864-9435-54FD806E10EA}.Debug|iPhoneSimulator.ActiveCfg = Debug|Any CPU
		{1AA13270-F438-4864-9435-54FD806E10EA}.Debug|iPhoneSimulator.Build.0 = Debug|Any CPU
		{1AA13270-F438-4864-9435-54FD806E10EA}.Debug|x64.ActiveCfg = Debug|x64
		{1AA13270-F438-4864-9435-54FD806E10EA}.Debug|x64.Build.0 = Debug|x64
		{1AA13270-F438-4864-9435-54FD806E10EA}.Debug|x86.ActiveCfg = Debug|x86
		{1AA13270-F438-4864-9435-54FD806E10EA}.Debug|x86.Build.0 = Debug|x86
		{1AA13270-F438-4864-9435-54FD806E10EA}.Release|Any CPU.ActiveCfg = Release|x86
		{1AA13270-F438-4864-9435-54FD806E10EA}.Release|ARM.ActiveCfg = Release|x86
		{1AA13270-F438-4864-9435-54FD806E10EA}.Release|ARM64.ActiveCfg = Release|arm64
		{1AA13270-F438-4864-9435-54FD806E10EA}.Release|ARM64.Build.0 = Release|arm64
		{1AA13270-F438-4864-9435-54FD806E10EA}.Release|iPhone.ActiveCfg = Release|x86
		{1AA13270-F438-4864-9435-54FD806E10EA}.Release|iPhoneSimulator.ActiveCfg = Release|x86
		{1AA13270-F438-4864-9435-54FD806E10EA}.Release|x64.ActiveCfg = Release|x64
		{1AA13270-F438-4864-9435-54FD806E10EA}.Release|x64.Build.0 = Release|x64
		{1AA13270-F438-4864-9435-54FD806E10EA}.Release|x86.ActiveCfg = Release|x86
		{1AA13270-F438-4864-9435-54FD806E10EA}.Release|x86.Build.0 = Release|x86
		{9025AE2C-1466-4B20-B183-DA89A90188BA}.Debug|Any CPU.ActiveCfg = Debug|Any CPU
		{9025AE2C-1466-4B20-B183-DA89A90188BA}.Debug|Any CPU.Build.0 = Debug|Any CPU
		{9025AE2C-1466-4B20-B183-DA89A90188BA}.Debug|ARM.ActiveCfg = Debug|Any CPU
		{9025AE2C-1466-4B20-B183-DA89A90188BA}.Debug|ARM.Build.0 = Debug|Any CPU
		{9025AE2C-1466-4B20-B183-DA89A90188BA}.Debug|ARM64.ActiveCfg = Debug|Any CPU
		{9025AE2C-1466-4B20-B183-DA89A90188BA}.Debug|ARM64.Build.0 = Debug|Any CPU
		{9025AE2C-1466-4B20-B183-DA89A90188BA}.Debug|iPhone.ActiveCfg = Debug|Any CPU
		{9025AE2C-1466-4B20-B183-DA89A90188BA}.Debug|iPhone.Build.0 = Debug|Any CPU
		{9025AE2C-1466-4B20-B183-DA89A90188BA}.Debug|iPhoneSimulator.ActiveCfg = Debug|Any CPU
		{9025AE2C-1466-4B20-B183-DA89A90188BA}.Debug|iPhoneSimulator.Build.0 = Debug|Any CPU
		{9025AE2C-1466-4B20-B183-DA89A90188BA}.Debug|x64.ActiveCfg = Debug|Any CPU
		{9025AE2C-1466-4B20-B183-DA89A90188BA}.Debug|x64.Build.0 = Debug|Any CPU
		{9025AE2C-1466-4B20-B183-DA89A90188BA}.Debug|x86.ActiveCfg = Debug|Any CPU
		{9025AE2C-1466-4B20-B183-DA89A90188BA}.Release|Any CPU.ActiveCfg = Release|Any CPU
		{9025AE2C-1466-4B20-B183-DA89A90188BA}.Release|Any CPU.Build.0 = Release|Any CPU
		{9025AE2C-1466-4B20-B183-DA89A90188BA}.Release|ARM.ActiveCfg = Release|Any CPU
		{9025AE2C-1466-4B20-B183-DA89A90188BA}.Release|ARM.Build.0 = Release|Any CPU
		{9025AE2C-1466-4B20-B183-DA89A90188BA}.Release|ARM64.ActiveCfg = Release|Any CPU
		{9025AE2C-1466-4B20-B183-DA89A90188BA}.Release|ARM64.Build.0 = Release|Any CPU
		{9025AE2C-1466-4B20-B183-DA89A90188BA}.Release|iPhone.ActiveCfg = Release|Any CPU
		{9025AE2C-1466-4B20-B183-DA89A90188BA}.Release|iPhone.Build.0 = Release|Any CPU
		{9025AE2C-1466-4B20-B183-DA89A90188BA}.Release|iPhoneSimulator.ActiveCfg = Release|Any CPU
		{9025AE2C-1466-4B20-B183-DA89A90188BA}.Release|iPhoneSimulator.Build.0 = Release|Any CPU
		{9025AE2C-1466-4B20-B183-DA89A90188BA}.Release|x64.ActiveCfg = Release|Any CPU
		{9025AE2C-1466-4B20-B183-DA89A90188BA}.Release|x64.Build.0 = Release|Any CPU
		{9025AE2C-1466-4B20-B183-DA89A90188BA}.Release|x86.ActiveCfg = Release|Any CPU
	EndGlobalSection
	GlobalSection(SolutionProperties) = preSolution
		HideSolutionNode = FALSE
	EndGlobalSection
	GlobalSection(ExtensibilityGlobals) = postSolution
		SolutionGuid = {C7433AE2-B1A0-4C1A-887E-5CAA7AAF67A6}
	EndGlobalSection
	GlobalSection(SharedMSBuildProjectFiles) = preSolution
		MMKiwi.KMZipper.Uno.Shared\MMKiwi.KMZipper.Uno.Shared.projitems*{1aa13270-f438-4864-9435-54fd806e10ea}*SharedItemsImports = 5
		MMKiwi.KMZipper.Uno.Shared\MMKiwi.KMZipper.Uno.Shared.projitems*{6279c845-92f8-4333-ab99-3d213163593c}*SharedItemsImports = 13
	EndGlobalSection
EndGlobal
